
Microsoft Visual Studio Solution File, Format Version 12.00
# Visual Studio Version 17
VisualStudioVersion = 17.14.36811.4
MinimumVisualStudioVersion = 10.0.40219.1
Project("{FAE04EC0-301F-11D3-BF4B-00C04F79EFBC}") = "Main_Subject", "Main_Subject\Main_Subject.csproj", "{80972EA1-1B40-43B0-B3E6-CFA144022F9A}"
EndProject
Project("{2150E333-8FDC-42A3-9474-1A3956D46DE8}") = "Solution Items", "Solution Items", "{02EA681E-C7D8-13C7-8484-4AC65E1B71E8}"
	ProjectSection(SolutionItems) = preProject
		.editorconfig = .editorconfig
	EndProjectSection
EndProject
Project("{FAE04EC0-301F-11D3-BF4B-00C04F79EFBC}") = "variables", "variables\variables.csproj", "{BF1AEA53-5E38-4BAA-9F2F-EECC2C4F859B}"
EndProject
Project("{FAE04EC0-301F-11D3-BF4B-00C04F79EFBC}") = "MakingDecision", "MakingDecision\MakingDecision.csproj", "{04766D7E-4EAC-42F9-9241-D49FE5307FA6}"
EndProject
Project("{FAE04EC0-301F-11D3-BF4B-00C04F79EFBC}") = "Loops", "Loops\Loops.csproj", "{775F66B5-5135-449D-A85E-6C6D78EF0017}"
EndProject
Project("{FAE04EC0-301F-11D3-BF4B-00C04F79EFBC}") = "LoopsWithStars", "LoopsWithStars\LoopsWithStars.csproj", "{4AC28459-6A8F-4D6F-89A8-F40A9B6D77A3}"
EndProject
Project("{FAE04EC0-301F-11D3-BF4B-00C04F79EFBC}") = "Arrays", "Arrays\Arrays.csproj", "{DAD54E20-2919-48D6-B785-629B03038122}"
EndProject
Project("{FAE04EC0-301F-11D3-BF4B-00C04F79EFBC}") = "ForeachLoop", "ForeachLoop\ForeachLoop.csproj", "{D6E976CD-DC2D-41F1-A699-A102FACE0536}"
EndProject
Project("{FAE04EC0-301F-11D3-BF4B-00C04F79EFBC}") = "Methods", "Methods\Methods.csproj", "{75AE6BC8-63FC-4E61-8321-05CFA75D3EEF}"
EndProject
Project("{FAE04EC0-301F-11D3-BF4B-00C04F79EFBC}") = "DatabaseProjects", "DatabaseProjects\DatabaseProjects.csproj", "{13085B5E-DF81-4FAC-9914-DB4923A166F2}"
EndProject
Project("{FAE04EC0-301F-11D3-BF4B-00C04F79EFBC}") = "DatabaseCrud", "DatabaseCrud\DatabaseCrud.csproj", "{E3E92115-7644-48FD-99E1-839F50F715FF}"
EndProject
Global
	GlobalSection(SolutionConfigurationPlatforms) = preSolution
		Debug|Any CPU = Debug|Any CPU
		Release|Any CPU = Release|Any CPU
	EndGlobalSection
	GlobalSection(ProjectConfigurationPlatforms) = postSolution
		{80972EA1-1B40-43B0-B3E6-CFA144022F9A}.Debug|Any CPU.ActiveCfg = Debug|Any CPU
		{80972EA1-1B40-43B0-B3E6-CFA144022F9A}.Debug|Any CPU.Build.0 = Debug|Any CPU
		{80972EA1-1B40-43B0-B3E6-CFA144022F9A}.Release|Any CPU.ActiveCfg = Release|Any CPU
		{80972EA1-1B40-43B0-B3E6-CFA144022F9A}.Release|Any CPU.Build.0 = Release|Any CPU
		{BF1AEA53-5E38-4BAA-9F2F-EECC2C4F859B}.Debug|Any CPU.ActiveCfg = Debug|Any CPU
		{BF1AEA53-5E38-4BAA-9F2F-EECC2C4F859B}.Debug|Any CPU.Build.0 = Debug|Any CPU
		{BF1AEA53-5E38-4BAA-9F2F-EECC2C4F859B}.Release|Any CPU.ActiveCfg = Release|Any CPU
		{BF1AEA53-5E38-4BAA-9F2F-EECC2C4F859B}.Release|Any CPU.Build.0 = Release|Any CPU
		{04766D7E-4EAC-42F9-9241-D49FE5307FA6}.Debug|Any CPU.ActiveCfg = Debug|Any CPU
		{04766D7E-4EAC-42F9-9241-D49FE5307FA6}.Debug|Any CPU.Build.0 = Debug|Any CPU
		{04766D7E-4EAC-42F9-9241-D49FE5307FA6}.Release|Any CPU.ActiveCfg = Release|Any CPU
		{04766D7E-4EAC-42F9-9241-D49FE5307FA6}.Release|Any CPU.Build.0 = Release|Any CPU
		{775F66B5-5135-449D-A85E-6C6D78EF0017}.Debug|Any CPU.ActiveCfg = Debug|Any CPU
		{775F66B5-5135-449D-A85E-6C6D78EF0017}.Debug|Any CPU.Build.0 = Debug|Any CPU
		{775F66B5-5135-449D-A85E-6C6D78EF0017}.Release|Any CPU.ActiveCfg = Release|Any CPU
		{775F66B5-5135-449D-A85E-6C6D78EF0017}.Release|Any CPU.Build.0 = Release|Any CPU
		{4AC28459-6A8F-4D6F-89A8-F40A9B6D77A3}.Debug|Any CPU.ActiveCfg = Debug|Any CPU
		{4AC28459-6A8F-4D6F-89A8-F40A9B6D77A3}.Debug|Any CPU.Build.0 = Debug|Any CPU
		{4AC28459-6A8F-4D6F-89A8-F40A9B6D77A3}.Release|Any CPU.ActiveCfg = Release|Any CPU
		{4AC28459-6A8F-4D6F-89A8-F40A9B6D77A3}.Release|Any CPU.Build.0 = Release|Any CPU
		{DAD54E20-2919-48D6-B785-629B03038122}.Debug|Any CPU.ActiveCfg = Debug|Any CPU
		{DAD54E20-2919-48D6-B785-629B03038122}.Debug|Any CPU.Build.0 = Debug|Any CPU
		{DAD54E20-2919-48D6-B785-629B03038122}.Release|Any CPU.ActiveCfg = Release|Any CPU
		{DAD54E20-2919-48D6-B785-629B03038122}.Release|Any CPU.Build.0 = Release|Any CPU
		{D6E976CD-DC2D-41F1-A699-A102FACE0536}.Debug|Any CPU.ActiveCfg = Debug|Any CPU
		{D6E976CD-DC2D-41F1-A699-A102FACE0536}.Debug|Any CPU.Build.0 = Debug|Any CPU
		{D6E976CD-DC2D-41F1-A699-A102FACE0536}.Release|Any CPU.ActiveCfg = Release|Any CPU
		{D6E976CD-DC2D-41F1-A699-A102FACE0536}.Release|Any CPU.Build.0 = Release|Any CPU
		{75AE6BC8-63FC-4E61-8321-05CFA75D3EEF}.Debug|Any CPU.ActiveCfg = Debug|Any CPU
		{75AE6BC8-63FC-4E61-8321-05CFA75D3EEF}.Debug|Any CPU.Build.0 = Debug|Any CPU
		{75AE6BC8-63FC-4E61-8321-05CFA75D3EEF}.Release|Any CPU.ActiveCfg = Release|Any CPU
		{75AE6BC8-63FC-4E61-8321-05CFA75D3EEF}.Release|Any CPU.Build.0 = Release|Any CPU
		{13085B5E-DF81-4FAC-9914-DB4923A166F2}.Debug|Any CPU.ActiveCfg = Debug|Any CPU
		{13085B5E-DF81-4FAC-9914-DB4923A166F2}.Debug|Any CPU.Build.0 = Debug|Any CPU
		{13085B5E-DF81-4FAC-9914-DB4923A166F2}.Release|Any CPU.ActiveCfg = Release|Any CPU
		{13085B5E-DF81-4FAC-9914-DB4923A166F2}.Release|Any CPU.Build.0 = Release|Any CPU
		{E3E92115-7644-48FD-99E1-839F50F715FF}.Debug|Any CPU.ActiveCfg = Debug|Any CPU
		{E3E92115-7644-48FD-99E1-839F50F715FF}.Debug|Any CPU.Build.0 = Debug|Any CPU
		{E3E92115-7644-48FD-99E1-839F50F715FF}.Release|Any CPU.ActiveCfg = Release|Any CPU
		{E3E92115-7644-48FD-99E1-839F50F715FF}.Release|Any CPU.Build.0 = Release|Any CPU
	EndGlobalSection
	GlobalSection(SolutionProperties) = preSolution
		HideSolutionNode = FALSE
	EndGlobalSection
	GlobalSection(ExtensibilityGlobals) = postSolution
		SolutionGuid = {B936EAE7-76C4-4D89-9888-02F697973B34}
	EndGlobalSection
EndGlobal
